
Microsoft Visual Studio Solution File, Format Version 12.00
# Visual Studio Version 17
VisualStudioVersion = 17.7.34031.279
MinimumVisualStudioVersion = 10.0.40219.1
Project("{FAE04EC0-301F-11D3-BF4B-00C04F79EFBC}") = "Inforno", "Inforno\Inforno.csproj", "{A39171F0-5C3F-4A41-B621-30F25F38B66A}"
EndProject
Global
	GlobalSection(SolutionConfigurationPlatforms) = preSolution
		Debug|Any CPU = Debug|Any CPU
		Release|Any CPU = Release|Any CPU
	EndGlobalSection
	GlobalSection(ProjectConfigurationPlatforms) = postSolution
		{A39171F0-5C3F-4A41-B621-30F25F38B66A}.Debug|Any CPU.ActiveCfg = Debug|Any CPU
		{A39171F0-5C3F-4A41-B621-30F25F38B66A}.Debug|Any CPU.Build.0 = Debug|Any CPU
		{A39171F0-5C3F-4A41-B621-30F25F38B66A}.Release|Any CPU.ActiveCfg = Release|Any CPU
		{A39171F0-5C3F-4A41-B621-30F25F38B66A}.Release|Any CPU.Build.0 = Release|Any CPU
	EndGlobalSection
	GlobalSection(SolutionProperties) = preSolution
		HideSolutionNode = FALSE
	EndGlobalSection
	GlobalSection(ExtensibilityGlobals) = postSolution
		SolutionGuid = {7E99EE4F-51FD-4140-A1CF-A61DCAE9D4A6}
	EndGlobalSection
EndGlobal
